
Microsoft Visual Studio Solution File, Format Version 12.00
# Visual Studio Version 16
VisualStudioVersion = 16.0.31729.503
MinimumVisualStudioVersion = 10.0.40219.1
Project("{FAE04EC0-301F-11D3-BF4B-00C04F79EFBC}") = "DS Algorithm", "DS Algorithm\DS Algorithm.csproj", "{94614559-ADED-4918-A293-EE34DAA8C6C0}"
EndProject
Global
	GlobalSection(SolutionConfigurationPlatforms) = preSolution
		Debug|Any CPU = Debug|Any CPU
		Release|Any CPU = Release|Any CPU
	EndGlobalSection
	GlobalSection(ProjectConfigurationPlatforms) = postSolution
		{94614559-ADED-4918-A293-EE34DAA8C6C0}.Debug|Any CPU.ActiveCfg = Debug|Any CPU
		{94614559-ADED-4918-A293-EE34DAA8C6C0}.Debug|Any CPU.Build.0 = Debug|Any CPU
		{94614559-ADED-4918-A293-EE34DAA8C6C0}.Release|Any CPU.ActiveCfg = Release|Any CPU
		{94614559-ADED-4918-A293-EE34DAA8C6C0}.Release|Any CPU.Build.0 = Release|Any CPU
	EndGlobalSection
	GlobalSection(SolutionProperties) = preSolution
		HideSolutionNode = FALSE
	EndGlobalSection
	GlobalSection(ExtensibilityGlobals) = postSolution
		SolutionGuid = {14386F1A-1FA4-441C-B77F-C1823195D4DF}
	EndGlobalSection
EndGlobal
